
Microsoft Visual Studio Solution File, Format Version 12.00
# Visual Studio Version 17
VisualStudioVersion = 17.0.31903.59
MinimumVisualStudioVersion = 10.0.40219.1
Project("{2150E333-8FDC-42A3-9474-1A3956D46DE8}") = "Udemy", "Udemy", "{7094D537-9198-07E5-C381-5CE8E1E3E149}"
EndProject
Project("{2150E333-8FDC-42A3-9474-1A3956D46DE8}") = "01_project", "01_project", "{DD01E8F2-9D48-2F2D-1536-419C0553709F}"
EndProject
Project("{FAE04EC0-301F-11D3-BF4B-00C04F79EFBC}") = "LowUpperCase", "Udemy\01_project\LowUpperCase\LowUpperCase.csproj", "{5180559D-9701-4DF7-B534-F2C30CB7B019}"
EndProject
Global
	GlobalSection(SolutionConfigurationPlatforms) = preSolution
		Debug|Any CPU = Debug|Any CPU
		Debug|x64 = Debug|x64
		Debug|x86 = Debug|x86
		Release|Any CPU = Release|Any CPU
		Release|x64 = Release|x64
		Release|x86 = Release|x86
	EndGlobalSection
	GlobalSection(ProjectConfigurationPlatforms) = postSolution
		{5180559D-9701-4DF7-B534-F2C30CB7B019}.Debug|Any CPU.ActiveCfg = Debug|Any CPU
		{5180559D-9701-4DF7-B534-F2C30CB7B019}.Debug|Any CPU.Build.0 = Debug|Any CPU
		{5180559D-9701-4DF7-B534-F2C30CB7B019}.Debug|x64.ActiveCfg = Debug|Any CPU
		{5180559D-9701-4DF7-B534-F2C30CB7B019}.Debug|x64.Build.0 = Debug|Any CPU
		{5180559D-9701-4DF7-B534-F2C30CB7B019}.Debug|x86.ActiveCfg = Debug|Any CPU
		{5180559D-9701-4DF7-B534-F2C30CB7B019}.Debug|x86.Build.0 = Debug|Any CPU
		{5180559D-9701-4DF7-B534-F2C30CB7B019}.Release|Any CPU.ActiveCfg = Release|Any CPU
		{5180559D-9701-4DF7-B534-F2C30CB7B019}.Release|Any CPU.Build.0 = Release|Any CPU
		{5180559D-9701-4DF7-B534-F2C30CB7B019}.Release|x64.ActiveCfg = Release|Any CPU
		{5180559D-9701-4DF7-B534-F2C30CB7B019}.Release|x64.Build.0 = Release|Any CPU
		{5180559D-9701-4DF7-B534-F2C30CB7B019}.Release|x86.ActiveCfg = Release|Any CPU
		{5180559D-9701-4DF7-B534-F2C30CB7B019}.Release|x86.Build.0 = Release|Any CPU
	EndGlobalSection
	GlobalSection(SolutionProperties) = preSolution
		HideSolutionNode = FALSE
	EndGlobalSection
	GlobalSection(NestedProjects) = preSolution
		{DD01E8F2-9D48-2F2D-1536-419C0553709F} = {7094D537-9198-07E5-C381-5CE8E1E3E149}
		{5180559D-9701-4DF7-B534-F2C30CB7B019} = {DD01E8F2-9D48-2F2D-1536-419C0553709F}
	EndGlobalSection
EndGlobal
